
Microsoft Visual Studio Solution File, Format Version 12.00
# Visual Studio 15
VisualStudioVersion = 15.0.26430.6
MinimumVisualStudioVersion = 10.0.40219.1
Project("{8BC9CEB8-8B4A-11D0-8D11-00A0C91BC942}") = "Micro_IoT", "Micro_IoT.vcxproj", "{8554BCE0-58D0-44DA-B1A9-87F3C6C8D077}"
EndProject
Project("{8BC9CEB8-8B4A-11D0-8D11-00A0C91BC942}") = "PontoControle_2", "..\PontoControle_2\PontoControle_2.vcxproj", "{C5F80730-F44F-4478-BDAE-6634EFC2CA88}"
EndProject
Global
	GlobalSection(SolutionConfigurationPlatforms) = preSolution
		Debug|x86 = Debug|x86
		Release|x86 = Release|x86
	EndGlobalSection
	GlobalSection(ProjectConfigurationPlatforms) = postSolution
		{8554BCE0-58D0-44DA-B1A9-87F3C6C8D077}.Debug|x86.ActiveCfg = Debug|Win32
		{8554BCE0-58D0-44DA-B1A9-87F3C6C8D077}.Debug|x86.Build.0 = Debug|Win32
		{8554BCE0-58D0-44DA-B1A9-87F3C6C8D077}.Release|x86.ActiveCfg = Release|Win32
		{8554BCE0-58D0-44DA-B1A9-87F3C6C8D077}.Release|x86.Build.0 = Release|Win32
		{C5F80730-F44F-4478-BDAE-6634EFC2CA88}.Debug|x86.ActiveCfg = Debug|Win32
		{C5F80730-F44F-4478-BDAE-6634EFC2CA88}.Debug|x86.Build.0 = Debug|Win32
		{C5F80730-F44F-4478-BDAE-6634EFC2CA88}.Release|x86.ActiveCfg = Release|Win32
		{C5F80730-F44F-4478-BDAE-6634EFC2CA88}.Release|x86.Build.0 = Release|Win32
	EndGlobalSection
	GlobalSection(SolutionProperties) = preSolution
		HideSolutionNode = FALSE
	EndGlobalSection
EndGlobal
